
Microsoft Visual Studio Solution File, Format Version 12.00
# Visual Studio Version 17
VisualStudioVersion = 17.0.32112.339
MinimumVisualStudioVersion = 10.0.40219.1
Project("{8BC9CEB8-8B4A-11D0-8D11-00A0C91BC942}") = "juez68", "juez68\juez68.vcxproj", "{3ABC6534-D81C-4E05-8DE9-C826391E1332}"
EndProject
Global
	GlobalSection(SolutionConfigurationPlatforms) = preSolution
		Debug|x64 = Debug|x64
		Debug|x86 = Debug|x86
		Release|x64 = Release|x64
		Release|x86 = Release|x86
	EndGlobalSection
	GlobalSection(ProjectConfigurationPlatforms) = postSolution
		{3ABC6534-D81C-4E05-8DE9-C826391E1332}.Debug|x64.ActiveCfg = Debug|x64
		{3ABC6534-D81C-4E05-8DE9-C826391E1332}.Debug|x64.Build.0 = Debug|x64
		{3ABC6534-D81C-4E05-8DE9-C826391E1332}.Debug|x86.ActiveCfg = Debug|Win32
		{3ABC6534-D81C-4E05-8DE9-C826391E1332}.Debug|x86.Build.0 = Debug|Win32
		{3ABC6534-D81C-4E05-8DE9-C826391E1332}.Release|x64.ActiveCfg = Release|x64
		{3ABC6534-D81C-4E05-8DE9-C826391E1332}.Release|x64.Build.0 = Release|x64
		{3ABC6534-D81C-4E05-8DE9-C826391E1332}.Release|x86.ActiveCfg = Release|Win32
		{3ABC6534-D81C-4E05-8DE9-C826391E1332}.Release|x86.Build.0 = Release|Win32
	EndGlobalSection
	GlobalSection(SolutionProperties) = preSolution
		HideSolutionNode = FALSE
	EndGlobalSection
	GlobalSection(ExtensibilityGlobals) = postSolution
		SolutionGuid = {74BDA1E8-CC9A-4AA2-A7F9-2DBA1BCB1811}
	EndGlobalSection
EndGlobal
