
Microsoft Visual Studio Solution File, Format Version 12.00
# Visual Studio Version 17
VisualStudioVersion = 17.0.32112.339
MinimumVisualStudioVersion = 10.0.40219.1
Project("{8BC9CEB8-8B4A-11D0-8D11-00A0C91BC942}") = "juez9", "juez9\juez9.vcxproj", "{499C8357-8E19-4A62-A386-B262974ED3EB}"
EndProject
Global
	GlobalSection(SolutionConfigurationPlatforms) = preSolution
		Debug|x64 = Debug|x64
		Debug|x86 = Debug|x86
		Release|x64 = Release|x64
		Release|x86 = Release|x86
	EndGlobalSection
	GlobalSection(ProjectConfigurationPlatforms) = postSolution
		{499C8357-8E19-4A62-A386-B262974ED3EB}.Debug|x64.ActiveCfg = Debug|x64
		{499C8357-8E19-4A62-A386-B262974ED3EB}.Debug|x64.Build.0 = Debug|x64
		{499C8357-8E19-4A62-A386-B262974ED3EB}.Debug|x86.ActiveCfg = Debug|Win32
		{499C8357-8E19-4A62-A386-B262974ED3EB}.Debug|x86.Build.0 = Debug|Win32
		{499C8357-8E19-4A62-A386-B262974ED3EB}.Release|x64.ActiveCfg = Release|x64
		{499C8357-8E19-4A62-A386-B262974ED3EB}.Release|x64.Build.0 = Release|x64
		{499C8357-8E19-4A62-A386-B262974ED3EB}.Release|x86.ActiveCfg = Release|Win32
		{499C8357-8E19-4A62-A386-B262974ED3EB}.Release|x86.Build.0 = Release|Win32
	EndGlobalSection
	GlobalSection(SolutionProperties) = preSolution
		HideSolutionNode = FALSE
	EndGlobalSection
	GlobalSection(ExtensibilityGlobals) = postSolution
		SolutionGuid = {0C31B30C-143D-4623-B7CE-E6E6BFDEE88F}
	EndGlobalSection
EndGlobal
